
Microsoft Visual Studio Solution File, Format Version 12.00
# Visual Studio Version 16
VisualStudioVersion = 16.0.34407.143
MinimumVisualStudioVersion = 10.0.40219.1
Project("{FAE04EC0-301F-11D3-BF4B-00C04F79EFBC}") = "Group40_MaintainCustomers", "Group40_MaintainCustomers\Group40_MaintainCustomers.csproj", "{A37105F6-217F-4183-BF39-65B15D1E1082}"
EndProject
Global
	GlobalSection(SolutionConfigurationPlatforms) = preSolution
		Debug|Any CPU = Debug|Any CPU
		Release|Any CPU = Release|Any CPU
	EndGlobalSection
	GlobalSection(ProjectConfigurationPlatforms) = postSolution
		{A37105F6-217F-4183-BF39-65B15D1E1082}.Debug|Any CPU.ActiveCfg = Debug|Any CPU
		{A37105F6-217F-4183-BF39-65B15D1E1082}.Debug|Any CPU.Build.0 = Debug|Any CPU
		{A37105F6-217F-4183-BF39-65B15D1E1082}.Release|Any CPU.ActiveCfg = Release|Any CPU
		{A37105F6-217F-4183-BF39-65B15D1E1082}.Release|Any CPU.Build.0 = Release|Any CPU
	EndGlobalSection
	GlobalSection(SolutionProperties) = preSolution
		HideSolutionNode = FALSE
	EndGlobalSection
	GlobalSection(ExtensibilityGlobals) = postSolution
		SolutionGuid = {C47ABF15-74D8-4A5E-A61D-1F2DEE641306}
	EndGlobalSection
EndGlobal
